// !$*UTF8*$!
{
	archiveVersion = 1;
	classes = {
	};
	objectVersion = 56;
	objects = {

/* Begin PBXBuildFile section */
		1752E6F029F67DFC00C95FD2 /* hackCoordinatorApp.swift in Sources */ = {isa = PBXBuildFile; fileRef = 1752E6EF29F67DFC00C95FD2 /* hackCoordinatorApp.swift */; };
		1752E6F229F67DFC00C95FD2 /* ContentView.swift in Sources */ = {isa = PBXBuildFile; fileRef = 1752E6F129F67DFC00C95FD2 /* ContentView.swift */; };
		1752E6F429F67DFE00C95FD2 /* Assets.xcassets in Resources */ = {isa = PBXBuildFile; fileRef = 1752E6F329F67DFE00C95FD2 /* Assets.xcassets */; };
		1752E6F729F67DFE00C95FD2 /* Preview Assets.xcassets in Resources */ = {isa = PBXBuildFile; fileRef = 1752E6F629F67DFE00C95FD2 /* Preview Assets.xcassets */; };
		1752E6FF29F67E2900C95FD2 /* Coordinator.swift in Sources */ = {isa = PBXBuildFile; fileRef = 1752E6FE29F67E2900C95FD2 /* Coordinator.swift */; };
		1752E70129F67E5900C95FD2 /* IdentifiableObject.swift in Sources */ = {isa = PBXBuildFile; fileRef = 1752E70029F67E5900C95FD2 /* IdentifiableObject.swift */; };
		1752E70729F67EA000C95FD2 /* AppCoordinator.swift in Sources */ = {isa = PBXBuildFile; fileRef = 1752E70629F67EA000C95FD2 /* AppCoordinator.swift */; };
		1752E70929F67F3E00C95FD2 /* AppCoordinatorView.swift in Sources */ = {isa = PBXBuildFile; fileRef = 1752E70829F67F3E00C95FD2 /* AppCoordinatorView.swift */; };
		17B6495D29F8370400DFBA3F /* Stack1View.swift in Sources */ = {isa = PBXBuildFile; fileRef = 17B6495C29F8370400DFBA3F /* Stack1View.swift */; };
		17B6495F29F8371600DFBA3F /* Stack2View.swift in Sources */ = {isa = PBXBuildFile; fileRef = 17B6495E29F8371600DFBA3F /* Stack2View.swift */; };
		17B6496329F8376600DFBA3F /* Stack1ViewModel.swift in Sources */ = {isa = PBXBuildFile; fileRef = 17B6496229F8376600DFBA3F /* Stack1ViewModel.swift */; };
		17B6496529F8379900DFBA3F /* Stack2ViewModel.swift in Sources */ = {isa = PBXBuildFile; fileRef = 17B6496429F8379900DFBA3F /* Stack2ViewModel.swift */; };
		17B6496729F8396B00DFBA3F /* CoverCoordinator.swift in Sources */ = {isa = PBXBuildFile; fileRef = 17B6496629F8396B00DFBA3F /* CoverCoordinator.swift */; };
		17B6496929F83B9900DFBA3F /* CoverCoordinatorView.swift in Sources */ = {isa = PBXBuildFile; fileRef = 17B6496829F83B9900DFBA3F /* CoverCoordinatorView.swift */; };
		17B6496D29F844E500DFBA3F /* ExamplePageView.swift in Sources */ = {isa = PBXBuildFile; fileRef = 17B6496C29F844E500DFBA3F /* ExamplePageView.swift */; };
/* End PBXBuildFile section */

/* Begin PBXFileReference section */
		1752E6EC29F67DFB00C95FD2 /* hackCoordinator.app */ = {isa = PBXFileReference; explicitFileType = wrapper.application; includeInIndex = 0; path = hackCoordinator.app; sourceTree = BUILT_PRODUCTS_DIR; };
		1752E6EF29F67DFC00C95FD2 /* hackCoordinatorApp.swift */ = {isa = PBXFileReference; lastKnownFileType = sourcecode.swift; path = hackCoordinatorApp.swift; sourceTree = "<group>"; };
		1752E6F129F67DFC00C95FD2 /* ContentView.swift */ = {isa = PBXFileReference; lastKnownFileType = sourcecode.swift; path = ContentView.swift; sourceTree = "<group>"; };
		1752E6F329F67DFE00C95FD2 /* Assets.xcassets */ = {isa = PBXFileReference; lastKnownFileType = folder.assetcatalog; path = Assets.xcassets; sourceTree = "<group>"; };
		1752E6F629F67DFE00C95FD2 /* Preview Assets.xcassets */ = {isa = PBXFileReference; lastKnownFileType = folder.assetcatalog; path = "Preview Assets.xcassets"; sourceTree = "<group>"; };
		1752E6FE29F67E2900C95FD2 /* Coordinator.swift */ = {isa = PBXFileReference; lastKnownFileType = sourcecode.swift; path = Coordinator.swift; sourceTree = "<group>"; };
		1752E70029F67E5900C95FD2 /* IdentifiableObject.swift */ = {isa = PBXFileReference; lastKnownFileType = sourcecode.swift; path = IdentifiableObject.swift; sourceTree = "<group>"; };
		1752E70629F67EA000C95FD2 /* AppCoordinator.swift */ = {isa = PBXFileReference; lastKnownFileType = sourcecode.swift; path = AppCoordinator.swift; sourceTree = "<group>"; };
		1752E70829F67F3E00C95FD2 /* AppCoordinatorView.swift */ = {isa = PBXFileReference; lastKnownFileType = sourcecode.swift; path = AppCoordinatorView.swift; sourceTree = "<group>"; };
		17B6495C29F8370400DFBA3F /* Stack1View.swift */ = {isa = PBXFileReference; lastKnownFileType = sourcecode.swift; path = Stack1View.swift; sourceTree = "<group>"; };
		17B6495E29F8371600DFBA3F /* Stack2View.swift */ = {isa = PBXFileReference; lastKnownFileType = sourcecode.swift; path = Stack2View.swift; sourceTree = "<group>"; };
		17B6496229F8376600DFBA3F /* Stack1ViewModel.swift */ = {isa = PBXFileReference; lastKnownFileType = sourcecode.swift; path = Stack1ViewModel.swift; sourceTree = "<group>"; };
		17B6496429F8379900DFBA3F /* Stack2ViewModel.swift */ = {isa = PBXFileReference; lastKnownFileType = sourcecode.swift; path = Stack2ViewModel.swift; sourceTree = "<group>"; };
		17B6496629F8396B00DFBA3F /* CoverCoordinator.swift */ = {isa = PBXFileReference; lastKnownFileType = sourcecode.swift; path = CoverCoordinator.swift; sourceTree = "<group>"; };
		17B6496829F83B9900DFBA3F /* CoverCoordinatorView.swift */ = {isa = PBXFileReference; lastKnownFileType = sourcecode.swift; path = CoverCoordinatorView.swift; sourceTree = "<group>"; };
		17B6496B29F8427C00DFBA3F /* Info.plist */ = {isa = PBXFileReference; lastKnownFileType = text.plist; path = Info.plist; sourceTree = "<group>"; };
		17B6496C29F844E500DFBA3F /* ExamplePageView.swift */ = {isa = PBXFileReference; lastKnownFileType = sourcecode.swift; path = ExamplePageView.swift; sourceTree = "<group>"; };
/* End PBXFileReference section */

/* Begin PBXFrameworksBuildPhase section */
		1752E6E929F67DFB00C95FD2 /* Frameworks */ = {
			isa = PBXFrameworksBuildPhase;
			buildActionMask = 2147483647;
			files = (
			);
			runOnlyForDeploymentPostprocessing = 0;
		};
/* End PBXFrameworksBuildPhase section */

/* Begin PBXGroup section */
		1752E6E329F67DFB00C95FD2 = {
			isa = PBXGroup;
			children = (
				1752E6EE29F67DFB00C95FD2 /* hackCoordinator */,
				1752E6ED29F67DFB00C95FD2 /* Products */,
			);
			sourceTree = "<group>";
		};
		1752E6ED29F67DFB00C95FD2 /* Products */ = {
			isa = PBXGroup;
			children = (
				1752E6EC29F67DFB00C95FD2 /* hackCoordinator.app */,
			);
			name = Products;
			sourceTree = "<group>";
		};
		1752E6EE29F67DFB00C95FD2 /* hackCoordinator */ = {
			isa = PBXGroup;
			children = (
				17B6496B29F8427C00DFBA3F /* Info.plist */,
				1752E70229F67E6400C95FD2 /* Flows */,
				1752E6FD29F67E1200C95FD2 /* Utils */,
				1752E6EF29F67DFC00C95FD2 /* hackCoordinatorApp.swift */,
				1752E6F129F67DFC00C95FD2 /* ContentView.swift */,
				1752E6F329F67DFE00C95FD2 /* Assets.xcassets */,
				1752E6F529F67DFE00C95FD2 /* Preview Content */,
			);
			path = hackCoordinator;
			sourceTree = "<group>";
		};
		1752E6F529F67DFE00C95FD2 /* Preview Content */ = {
			isa = PBXGroup;
			children = (
				1752E6F629F67DFE00C95FD2 /* Preview Assets.xcassets */,
			);
			path = "Preview Content";
			sourceTree = "<group>";
		};
		1752E6FD29F67E1200C95FD2 /* Utils */ = {
			isa = PBXGroup;
			children = (
				1752E6FE29F67E2900C95FD2 /* Coordinator.swift */,
				1752E70029F67E5900C95FD2 /* IdentifiableObject.swift */,
			);
			path = Utils;
			sourceTree = "<group>";
		};
		1752E70229F67E6400C95FD2 /* Flows */ = {
			isa = PBXGroup;
			children = (
				17B6496029F8372300DFBA3F /* Cover */,
				17B6495B29F836F800DFBA3F /* Stack2 */,
				17B6495A29F836EE00DFBA3F /* Stack1 */,
				1752E70629F67EA000C95FD2 /* AppCoordinator.swift */,
				1752E70829F67F3E00C95FD2 /* AppCoordinatorView.swift */,
				17B6496C29F844E500DFBA3F /* ExamplePageView.swift */,
			);
			path = Flows;
			sourceTree = "<group>";
		};
		17B6495A29F836EE00DFBA3F /* Stack1 */ = {
			isa = PBXGroup;
			children = (
				17B6495C29F8370400DFBA3F /* Stack1View.swift */,
				17B6496229F8376600DFBA3F /* Stack1ViewModel.swift */,
			);
			path = Stack1;
			sourceTree = "<group>";
		};
		17B6495B29F836F800DFBA3F /* Stack2 */ = {
			isa = PBXGroup;
			children = (
				17B6495E29F8371600DFBA3F /* Stack2View.swift */,
				17B6496429F8379900DFBA3F /* Stack2ViewModel.swift */,
			);
			path = Stack2;
			sourceTree = "<group>";
		};
		17B6496029F8372300DFBA3F /* Cover */ = {
			isa = PBXGroup;
			children = (
				17B6496629F8396B00DFBA3F /* CoverCoordinator.swift */,
				17B6496829F83B9900DFBA3F /* CoverCoordinatorView.swift */,
			);
			path = Cover;
			sourceTree = "<group>";
		};
/* End PBXGroup section */

/* Begin PBXNativeTarget section */
		1752E6EB29F67DFB00C95FD2 /* hackCoordinator */ = {
			isa = PBXNativeTarget;
			buildConfigurationList = 1752E6FA29F67DFE00C95FD2 /* Build configuration list for PBXNativeTarget "hackCoordinator" */;
			buildPhases = (
				1752E6E829F67DFB00C95FD2 /* Sources */,
				1752E6E929F67DFB00C95FD2 /* Frameworks */,
				1752E6EA29F67DFB00C95FD2 /* Resources */,
			);
			buildRules = (
			);
			dependencies = (
			);
			name = hackCoordinator;
			productName = hackCoordinator;
			productReference = 1752E6EC29F67DFB00C95FD2 /* hackCoordinator.app */;
			productType = "com.apple.product-type.application";
		};
/* End PBXNativeTarget section */

/* Begin PBXProject section */
		1752E6E429F67DFB00C95FD2 /* Project object */ = {
			isa = PBXProject;
			attributes = {
				BuildIndependentTargetsInParallel = 1;
				LastSwiftUpdateCheck = 1410;
				LastUpgradeCheck = 1410;
				TargetAttributes = {
					1752E6EB29F67DFB00C95FD2 = {
						CreatedOnToolsVersion = 14.1;
					};
				};
			};
			buildConfigurationList = 1752E6E729F67DFB00C95FD2 /* Build configuration list for PBXProject "hackCoordinator" */;
			compatibilityVersion = "Xcode 14.0";
			developmentRegion = en;
			hasScannedForEncodings = 0;
			knownRegions = (
				en,
				Base,
			);
			mainGroup = 1752E6E329F67DFB00C95FD2;
			productRefGroup = 1752E6ED29F67DFB00C95FD2 /* Products */;
			projectDirPath = "";
			projectRoot = "";
			targets = (
				1752E6EB29F67DFB00C95FD2 /* hackCoordinator */,
			);
		};
/* End PBXProject section */

/* Begin PBXResourcesBuildPhase section */
		1752E6EA29F67DFB00C95FD2 /* Resources */ = {
			isa = PBXResourcesBuildPhase;
			buildActionMask = 2147483647;
			files = (
				1752E6F729F67DFE00C95FD2 /* Preview Assets.xcassets in Resources */,
				1752E6F429F67DFE00C95FD2 /* Assets.xcassets in Resources */,
			);
			runOnlyForDeploymentPostprocessing = 0;
		};
/* End PBXResourcesBuildPhase section */

/* Begin PBXSourcesBuildPhase section */
		1752E6E829F67DFB00C95FD2 /* Sources */ = {
			isa = PBXSourcesBuildPhase;
			buildActionMask = 2147483647;
			files = (
				17B6496529F8379900DFBA3F /* Stack2ViewModel.swift in Sources */,
				1752E6F229F67DFC00C95FD2 /* ContentView.swift in Sources */,
				17B6496329F8376600DFBA3F /* Stack1ViewModel.swift in Sources */,
				1752E6F029F67DFC00C95FD2 /* hackCoordinatorApp.swift in Sources */,
				17B6496D29F844E500DFBA3F /* ExamplePageView.swift in Sources */,
				17B6495D29F8370400DFBA3F /* Stack1View.swift in Sources */,
				1752E70729F67EA000C95FD2 /* AppCoordinator.swift in Sources */,
				1752E70129F67E5900C95FD2 /* IdentifiableObject.swift in Sources */,
				17B6496929F83B9900DFBA3F /* CoverCoordinatorView.swift in Sources */,
				1752E6FF29F67E2900C95FD2 /* Coordinator.swift in Sources */,
				17B6496729F8396B00DFBA3F /* CoverCoordinator.swift in Sources */,
				17B6495F29F8371600DFBA3F /* Stack2View.swift in Sources */,
				1752E70929F67F3E00C95FD2 /* AppCoordinatorView.swift in Sources */,
			);
			runOnlyForDeploymentPostprocessing = 0;
		};
/* End PBXSourcesBuildPhase section */

/* Begin XCBuildConfiguration section */
		1752E6F829F67DFE00C95FD2 /* Debug */ = {
			isa = XCBuildConfiguration;
			buildSettings = {
				ALWAYS_SEARCH_USER_PATHS = NO;
				CLANG_ANALYZER_NONNULL = YES;
				CLANG_ANALYZER_NUMBER_OBJECT_CONVERSION = YES_AGGRESSIVE;
				CLANG_CXX_LANGUAGE_STANDARD = "gnu++20";
				CLANG_ENABLE_MODULES = YES;
				CLANG_ENABLE_OBJC_ARC = YES;
				CLANG_ENABLE_OBJC_WEAK = YES;
				CLANG_WARN_BLOCK_CAPTURE_AUTORELEASING = YES;
				CLANG_WARN_BOOL_CONVERSION = YES;
				CLANG_WARN_COMMA = YES;
				CLANG_WARN_CONSTANT_CONVERSION = YES;
				CLANG_WARN_DEPRECATED_OBJC_IMPLEMENTATIONS = YES;
				CLANG_WARN_DIRECT_OBJC_ISA_USAGE = YES_ERROR;
				CLANG_WARN_DOCUMENTATION_COMMENTS = YES;
				CLANG_WARN_EMPTY_BODY = YES;
				CLANG_WARN_ENUM_CONVERSION = YES;
				CLANG_WARN_INFINITE_RECURSION = YES;
				CLANG_WARN_INT_CONVERSION = YES;
				CLANG_WARN_NON_LITERAL_NULL_CONVERSION = YES;
				CLANG_WARN_OBJC_IMPLICIT_RETAIN_SELF = YES;
				CLANG_WARN_OBJC_LITERAL_CONVERSION = YES;
				CLANG_WARN_OBJC_ROOT_CLASS = YES_ERROR;
				CLANG_WARN_QUOTED_INCLUDE_IN_FRAMEWORK_HEADER = YES;
				CLANG_WARN_RANGE_LOOP_ANALYSIS = YES;
				CLANG_WARN_STRICT_PROTOTYPES = YES;
				CLANG_WARN_SUSPICIOUS_MOVE = YES;
				CLANG_WARN_UNGUARDED_AVAILABILITY = YES_AGGRESSIVE;
				CLANG_WARN_UNREACHABLE_CODE = YES;
				CLANG_WARN__DUPLICATE_METHOD_MATCH = YES;
				COPY_PHASE_STRIP = NO;
				DEBUG_INFORMATION_FORMAT = dwarf;
				ENABLE_STRICT_OBJC_MSGSEND = YES;
				ENABLE_TESTABILITY = YES;
				GCC_C_LANGUAGE_STANDARD = gnu11;
				GCC_DYNAMIC_NO_PIC = NO;
				GCC_NO_COMMON_BLOCKS = YES;
				GCC_OPTIMIZATION_LEVEL = 0;
				GCC_PREPROCESSOR_DEFINITIONS = (
					"DEBUG=1",
					"$(inherited)",
				);
				GCC_WARN_64_TO_32_BIT_CONVERSION = YES;
				GCC_WARN_ABOUT_RETURN_TYPE = YES_ERROR;
				GCC_WARN_UNDECLARED_SELECTOR = YES;
				GCC_WARN_UNINITIALIZED_AUTOS = YES_AGGRESSIVE;
				GCC_WARN_UNUSED_FUNCTION = YES;
				GCC_WARN_UNUSED_VARIABLE = YES;
				IPHONEOS_DEPLOYMENT_TARGET = 16.1;
				MTL_ENABLE_DEBUG_INFO = INCLUDE_SOURCE;
				MTL_FAST_MATH = YES;
				ONLY_ACTIVE_ARCH = YES;
				SDKROOT = iphoneos;
				SWIFT_ACTIVE_COMPILATION_CONDITIONS = DEBUG;
				SWIFT_OPTIMIZATION_LEVEL = "-Onone";
			};
			name = Debug;
		};
		1752E6F929F67DFE00C95FD2 /* Release */ = {
			isa = XCBuildConfiguration;
			buildSettings = {
				ALWAYS_SEARCH_USER_PATHS = NO;
				CLANG_ANALYZER_NONNULL = YES;
				CLANG_ANALYZER_NUMBER_OBJECT_CONVERSION = YES_AGGRESSIVE;
				CLANG_CXX_LANGUAGE_STANDARD = "gnu++20";
				CLANG_ENABLE_MODULES = YES;
				CLANG_ENABLE_OBJC_ARC = YES;
				CLANG_ENABLE_OBJC_WEAK = YES;
				CLANG_WARN_BLOCK_CAPTURE_AUTORELEASING = YES;
				CLANG_WARN_BOOL_CONVERSION = YES;
				CLANG_WARN_COMMA = YES;
				CLANG_WARN_CONSTANT_CONVERSION = YES;
				CLANG_WARN_DEPRECATED_OBJC_IMPLEMENTATIONS = YES;
				CLANG_WARN_DIRECT_OBJC_ISA_USAGE = YES_ERROR;
				CLANG_WARN_DOCUMENTATION_COMMENTS = YES;
				CLANG_WARN_EMPTY_BODY = YES;
				CLANG_WARN_ENUM_CONVERSION = YES;
				CLANG_WARN_INFINITE_RECURSION = YES;
				CLANG_WARN_INT_CONVERSION = YES;
				CLANG_WARN_NON_LITERAL_NULL_CONVERSION = YES;
				CLANG_WARN_OBJC_IMPLICIT_RETAIN_SELF = YES;
				CLANG_WARN_OBJC_LITERAL_CONVERSION = YES;
				CLANG_WARN_OBJC_ROOT_CLASS = YES_ERROR;
				CLANG_WARN_QUOTED_INCLUDE_IN_FRAMEWORK_HEADER = YES;
				CLANG_WARN_RANGE_LOOP_ANALYSIS = YES;
				CLANG_WARN_STRICT_PROTOTYPES = YES;
				CLANG_WARN_SUSPICIOUS_MOVE = YES;
				CLANG_WARN_UNGUARDED_AVAILABILITY = YES_AGGRESSIVE;
				CLANG_WARN_UNREACHABLE_CODE = YES;
				CLANG_WARN__DUPLICATE_METHOD_MATCH = YES;
				COPY_PHASE_STRIP = NO;
				DEBUG_INFORMATION_FORMAT = "dwarf-with-dsym";
				ENABLE_NS_ASSERTIONS = NO;
				ENABLE_STRICT_OBJC_MSGSEND = YES;
				GCC_C_LANGUAGE_STANDARD = gnu11;
				GCC_NO_COMMON_BLOCKS = YES;
				GCC_WARN_64_TO_32_BIT_CONVERSION = YES;
				GCC_WARN_ABOUT_RETURN_TYPE = YES_ERROR;
				GCC_WARN_UNDECLARED_SELECTOR = YES;
				GCC_WARN_UNINITIALIZED_AUTOS = YES_AGGRESSIVE;
				GCC_WARN_UNUSED_FUNCTION = YES;
				GCC_WARN_UNUSED_VARIABLE = YES;
				IPHONEOS_DEPLOYMENT_TARGET = 16.1;
				MTL_ENABLE_DEBUG_INFO = NO;
				MTL_FAST_MATH = YES;
				SDKROOT = iphoneos;
				SWIFT_COMPILATION_MODE = wholemodule;
				SWIFT_OPTIMIZATION_LEVEL = "-O";
				VALIDATE_PRODUCT = YES;
			};
			name = Release;
		};
		1752E6FB29F67DFE00C95FD2 /* Debug */ = {
			isa = XCBuildConfiguration;
			buildSettings = {
				ASSETCATALOG_COMPILER_APPICON_NAME = AppIcon;
				ASSETCATALOG_COMPILER_GLOBAL_ACCENT_COLOR_NAME = AccentColor;
				CODE_SIGN_STYLE = Automatic;
				CURRENT_PROJECT_VERSION = 1;
				DEVELOPMENT_ASSET_PATHS = "\"hackCoordinator/Preview Content\"";
				ENABLE_PREVIEWS = YES;
				GENERATE_INFOPLIST_FILE = YES;
				INFOPLIST_FILE = hackCoordinator/Info.plist;
				INFOPLIST_KEY_UIApplicationSceneManifest_Generation = YES;
				INFOPLIST_KEY_UIApplicationSupportsIndirectInputEvents = YES;
				INFOPLIST_KEY_UILaunchScreen_Generation = YES;
				INFOPLIST_KEY_UISupportedInterfaceOrientations_iPad = "UIInterfaceOrientationPortrait UIInterfaceOrientationPortraitUpsideDown UIInterfaceOrientationLandscapeLeft UIInterfaceOrientationLandscapeRight";
				INFOPLIST_KEY_UISupportedInterfaceOrientations_iPhone = "UIInterfaceOrientationPortrait UIInterfaceOrientationLandscapeLeft UIInterfaceOrientationLandscapeRight";
				IPHONEOS_DEPLOYMENT_TARGET = 15.0;
				LD_RUNPATH_SEARCH_PATHS = (
					"$(inherited)",
					"@executable_path/Frameworks",
				);
				MARKETING_VERSION = 1.0;
				PRODUCT_BUNDLE_IDENTIFIER = app.mnshkv.hackCoordinator;
				PRODUCT_NAME = "$(TARGET_NAME)";
				SWIFT_EMIT_LOC_STRINGS = YES;
				SWIFT_VERSION = 5.0;
				TARGETED_DEVICE_FAMILY = "1,2";
			};
			name = Debug;
		};
		1752E6FC29F67DFE00C95FD2 /* Release */ = {
			isa = XCBuildConfiguration;
			buildSettings = {
				ASSETCATALOG_COMPILER_APPICON_NAME = AppIcon;
				ASSETCATALOG_COMPILER_GLOBAL_ACCENT_COLOR_NAME = AccentColor;
				CODE_SIGN_STYLE = Automatic;
				CURRENT_PROJECT_VERSION = 1;
				DEVELOPMENT_ASSET_PATHS = "\"hackCoordinator/Preview Content\"";
				ENABLE_PREVIEWS = YES;
				GENERATE_INFOPLIST_FILE = YES;
				INFOPLIST_FILE = hackCoordinator/Info.plist;
				INFOPLIST_KEY_UIApplicationSceneManifest_Generation = YES;
				INFOPLIST_KEY_UIApplicationSupportsIndirectInputEvents = YES;
				INFOPLIST_KEY_UILaunchScreen_Generation = YES;
				INFOPLIST_KEY_UISupportedInterfaceOrientations_iPad = "UIInterfaceOrientationPortrait UIInterfaceOrientationPortraitUpsideDown UIInterfaceOrientationLandscapeLeft UIInterfaceOrientationLandscapeRight";
				INFOPLIST_KEY_UISupportedInterfaceOrientations_iPhone = "UIInterfaceOrientationPortrait UIInterfaceOrientationLandscapeLeft UIInterfaceOrientationLandscapeRight";
				IPHONEOS_DEPLOYMENT_TARGET = 15.0;
				LD_RUNPATH_SEARCH_PATHS = (
					"$(inherited)",
					"@executable_path/Frameworks",
				);
				MARKETING_VERSION = 1.0;
				PRODUCT_BUNDLE_IDENTIFIER = app.mnshkv.hackCoordinator;
				PRODUCT_NAME = "$(TARGET_NAME)";
				SWIFT_EMIT_LOC_STRINGS = YES;
				SWIFT_VERSION = 5.0;
				TARGETED_DEVICE_FAMILY = "1,2";
			};
			name = Release;
		};
/* End XCBuildConfiguration section */

/* Begin XCConfigurationList section */
		1752E6E729F67DFB00C95FD2 /* Build configuration list for PBXProject "hackCoordinator" */ = {
			isa = XCConfigurationList;
			buildConfigurations = (
				1752E6F829F67DFE00C95FD2 /* Debug */,
				1752E6F929F67DFE00C95FD2 /* Release */,
			);
			defaultConfigurationIsVisible = 0;
			defaultConfigurationName = Release;
		};
		1752E6FA29F67DFE00C95FD2 /* Build configuration list for PBXNativeTarget "hackCoordinator" */ = {
			isa = XCConfigurationList;
			buildConfigurations = (
				1752E6FB29F67DFE00C95FD2 /* Debug */,
				1752E6FC29F67DFE00C95FD2 /* Release */,
			);
			defaultConfigurationIsVisible = 0;
			defaultConfigurationName = Release;
		};
/* End XCConfigurationList section */
	};
	rootObject = 1752E6E429F67DFB00C95FD2 /* Project object */;
}
